
Microsoft Visual Studio Solution File, Format Version 12.00
# Visual Studio 15
Project("{FAE04EC0-301F-11D3-BF4B-00C04F79EFBC}") = "VuforiaScripts", "VuforiaScripts.csproj", "{452813B8-AA58-0B2F-5D92-0D6D80D4403A}"
EndProject
Project("{FAE04EC0-301F-11D3-BF4B-00C04F79EFBC}") = "VuforiaEditorScripts", "VuforiaEditorScripts.csproj", "{7965C209-DC11-1007-F4DF-C19C38ADEAB8}"
EndProject
Global
	GlobalSection(SolutionConfigurationPlatforms) = preSolution
		Debug|Any CPU = Debug|Any CPU
		Release|Any CPU = Release|Any CPU
	EndGlobalSection
	GlobalSection(ProjectConfigurationPlatforms) = postSolution
		{452813B8-AA58-0B2F-5D92-0D6D80D4403A}.Debug|Any CPU.ActiveCfg = Debug|Any CPU
		{452813B8-AA58-0B2F-5D92-0D6D80D4403A}.Debug|Any CPU.Build.0 = Debug|Any CPU
		{452813B8-AA58-0B2F-5D92-0D6D80D4403A}.Release|Any CPU.ActiveCfg = Release|Any CPU
		{452813B8-AA58-0B2F-5D92-0D6D80D4403A}.Release|Any CPU.Build.0 = Release|Any CPU
		{7965C209-DC11-1007-F4DF-C19C38ADEAB8}.Debug|Any CPU.ActiveCfg = Debug|Any CPU
		{7965C209-DC11-1007-F4DF-C19C38ADEAB8}.Debug|Any CPU.Build.0 = Debug|Any CPU
		{7965C209-DC11-1007-F4DF-C19C38ADEAB8}.Release|Any CPU.ActiveCfg = Release|Any CPU
		{7965C209-DC11-1007-F4DF-C19C38ADEAB8}.Release|Any CPU.Build.0 = Release|Any CPU
	EndGlobalSection
	GlobalSection(SolutionProperties) = preSolution
		HideSolutionNode = FALSE
	EndGlobalSection
EndGlobal
